
Microsoft Visual Studio Solution File, Format Version 12.00
# Visual Studio Version 17
VisualStudioVersion = 17.5.002.0
MinimumVisualStudioVersion = 10.0.40219.1
Project("{9A19103F-16F7-4668-BE54-9A1E7A4F7556}") = "Switch", "Switch\Switch.csproj", "{6187428C-ACEA-4B7B-9A84-D9857B14F98D}"
EndProject
Project("{2150E333-8FDC-42A3-9474-1A3956D46DE8}") = "ChallengeProject", "ChallengeProject", "{D94250C6-BD80-46DD-9B42-1FCEBE80783F}"
EndProject
Project("{9A19103F-16F7-4668-BE54-9A1E7A4F7556}") = "Starter", "ChallengeProject\Starter\Starter.csproj", "{6B7663E4-F1E6-4CAB-B9DB-8355243914C4}"
EndProject
Project("{9A19103F-16F7-4668-BE54-9A1E7A4F7556}") = "Final", "ChallengeProject\Final\Final.csproj", "{D99BB020-4233-4760-91CF-C9748DC17B05}"
EndProject
Project("{2150E333-8FDC-42A3-9474-1A3956D46DE8}") = "Part3", "Part3", "{4D9E1D3B-BA1E-4354-8B7E-3927C2B4CAE1}"
EndProject
Project("{9A19103F-16F7-4668-BE54-9A1E7A4F7556}") = "TestProject", "Part3\TestProject\TestProject.csproj", "{2B84EFC6-71C7-4DA3-AA66-40CAFD6E6786}"
EndProject
Project("{9A19103F-16F7-4668-BE54-9A1E7A4F7556}") = "ChallengeActivity2", "Part3\ChallengeActivity2\ChallengeActivity2.csproj", "{D3EB1727-24AB-4359-81F4-FB9923346238}"
EndProject
Project("{9A19103F-16F7-4668-BE54-9A1E7A4F7556}") = "ChallengeActivity", "Part3\ChallengeActivity\ChallengeActivity.csproj", "{0B17BE7D-C9E4-417A-8722-37485006C0BE}"
EndProject
Project("{9A19103F-16F7-4668-BE54-9A1E7A4F7556}") = "Challenge3", "Part3\Challenge3\Challenge3.csproj", "{876D0B68-69D4-43DA-AFC5-7E21A1F6CB9D}"
EndProject
Project("{2150E333-8FDC-42A3-9474-1A3956D46DE8}") = "CsharpProjects", "CsharpProjects", "{167A4DEC-171B-44EB-B1FB-76AB5D2F4E58}"
EndProject
Project("{9A19103F-16F7-4668-BE54-9A1E7A4F7556}") = "TestProject", "CsharpProjects\TestProject\TestProject.csproj", "{660470B9-269C-408D-B84B-734C1D39D784}"
EndProject
Project("{2150E333-8FDC-42A3-9474-1A3956D46DE8}") = "For", "For", "{34B21574-911E-4911-B198-4CE955C27B15}"
EndProject
Project("{9A19103F-16F7-4668-BE54-9A1E7A4F7556}") = "Test", "For\Test\Test.csproj", "{3DD9C636-73C3-44DE-B40E-EB35AE26B4AE}"
EndProject
Project("{2150E333-8FDC-42A3-9474-1A3956D46DE8}") = "Switch (1)", "Switch", "{DF1FB71E-E31A-4AB6-9A36-D8EED8DF0C07}"
EndProject
Project("{9A19103F-16F7-4668-BE54-9A1E7A4F7556}") = "Challenge", "Switch\Challenge\Challenge.csproj", "{7F2F748F-5092-4102-9C2B-C17606EAC589}"
EndProject
Project("{2150E333-8FDC-42A3-9474-1A3956D46DE8}") = "GuidedProject", "GuidedProject", "{25B1AFC8-33BE-4407-8606-1A944C03EEED}"
EndProject
Project("{9A19103F-16F7-4668-BE54-9A1E7A4F7556}") = "Starter", "GuidedProject\Starter\Starter.csproj", "{35F91F57-330B-421A-9B39-69C981FEAD6E}"
EndProject
Project("{9A19103F-16F7-4668-BE54-9A1E7A4F7556}") = "Final", "GuidedProject\Final\Final.csproj", "{A58AF69C-4176-4D6C-BFEF-AF6980706E0E}"
EndProject
Project("{2150E333-8FDC-42A3-9474-1A3956D46DE8}") = "GuidedProject", "GuidedProject", "{80BDC8B2-0BB6-406A-A832-EFA7C8279ED5}"
EndProject
Project("{9A19103F-16F7-4668-BE54-9A1E7A4F7556}") = "Starter", "Part3\GuidedProject\Starter\Starter.csproj", "{B044A819-ECE3-4491-9AC5-91DFAFA034E5}"
EndProject
Project("{9A19103F-16F7-4668-BE54-9A1E7A4F7556}") = "Final", "Part3\GuidedProject\Final\Final.csproj", "{C9522990-97DF-416D-8551-A4B16360CC9E}"
EndProject
Global
	GlobalSection(SolutionConfigurationPlatforms) = preSolution
		Debug|Any CPU = Debug|Any CPU
		Release|Any CPU = Release|Any CPU
	EndGlobalSection
	GlobalSection(ProjectConfigurationPlatforms) = postSolution
		{6187428C-ACEA-4B7B-9A84-D9857B14F98D}.Debug|Any CPU.ActiveCfg = Debug|Any CPU
		{6187428C-ACEA-4B7B-9A84-D9857B14F98D}.Debug|Any CPU.Build.0 = Debug|Any CPU
		{6187428C-ACEA-4B7B-9A84-D9857B14F98D}.Release|Any CPU.ActiveCfg = Release|Any CPU
		{6187428C-ACEA-4B7B-9A84-D9857B14F98D}.Release|Any CPU.Build.0 = Release|Any CPU
		{6B7663E4-F1E6-4CAB-B9DB-8355243914C4}.Debug|Any CPU.ActiveCfg = Debug|Any CPU
		{6B7663E4-F1E6-4CAB-B9DB-8355243914C4}.Debug|Any CPU.Build.0 = Debug|Any CPU
		{6B7663E4-F1E6-4CAB-B9DB-8355243914C4}.Release|Any CPU.ActiveCfg = Release|Any CPU
		{6B7663E4-F1E6-4CAB-B9DB-8355243914C4}.Release|Any CPU.Build.0 = Release|Any CPU
		{D99BB020-4233-4760-91CF-C9748DC17B05}.Debug|Any CPU.ActiveCfg = Debug|Any CPU
		{D99BB020-4233-4760-91CF-C9748DC17B05}.Debug|Any CPU.Build.0 = Debug|Any CPU
		{D99BB020-4233-4760-91CF-C9748DC17B05}.Release|Any CPU.ActiveCfg = Release|Any CPU
		{D99BB020-4233-4760-91CF-C9748DC17B05}.Release|Any CPU.Build.0 = Release|Any CPU
		{2B84EFC6-71C7-4DA3-AA66-40CAFD6E6786}.Debug|Any CPU.ActiveCfg = Debug|Any CPU
		{2B84EFC6-71C7-4DA3-AA66-40CAFD6E6786}.Debug|Any CPU.Build.0 = Debug|Any CPU
		{2B84EFC6-71C7-4DA3-AA66-40CAFD6E6786}.Release|Any CPU.ActiveCfg = Release|Any CPU
		{2B84EFC6-71C7-4DA3-AA66-40CAFD6E6786}.Release|Any CPU.Build.0 = Release|Any CPU
		{D3EB1727-24AB-4359-81F4-FB9923346238}.Debug|Any CPU.ActiveCfg = Debug|Any CPU
		{D3EB1727-24AB-4359-81F4-FB9923346238}.Debug|Any CPU.Build.0 = Debug|Any CPU
		{D3EB1727-24AB-4359-81F4-FB9923346238}.Release|Any CPU.ActiveCfg = Release|Any CPU
		{D3EB1727-24AB-4359-81F4-FB9923346238}.Release|Any CPU.Build.0 = Release|Any CPU
		{0B17BE7D-C9E4-417A-8722-37485006C0BE}.Debug|Any CPU.ActiveCfg = Debug|Any CPU
		{0B17BE7D-C9E4-417A-8722-37485006C0BE}.Debug|Any CPU.Build.0 = Debug|Any CPU
		{0B17BE7D-C9E4-417A-8722-37485006C0BE}.Release|Any CPU.ActiveCfg = Release|Any CPU
		{0B17BE7D-C9E4-417A-8722-37485006C0BE}.Release|Any CPU.Build.0 = Release|Any CPU
		{876D0B68-69D4-43DA-AFC5-7E21A1F6CB9D}.Debug|Any CPU.ActiveCfg = Debug|Any CPU
		{876D0B68-69D4-43DA-AFC5-7E21A1F6CB9D}.Debug|Any CPU.Build.0 = Debug|Any CPU
		{876D0B68-69D4-43DA-AFC5-7E21A1F6CB9D}.Release|Any CPU.ActiveCfg = Release|Any CPU
		{876D0B68-69D4-43DA-AFC5-7E21A1F6CB9D}.Release|Any CPU.Build.0 = Release|Any CPU
		{660470B9-269C-408D-B84B-734C1D39D784}.Debug|Any CPU.ActiveCfg = Debug|Any CPU
		{660470B9-269C-408D-B84B-734C1D39D784}.Debug|Any CPU.Build.0 = Debug|Any CPU
		{660470B9-269C-408D-B84B-734C1D39D784}.Release|Any CPU.ActiveCfg = Release|Any CPU
		{660470B9-269C-408D-B84B-734C1D39D784}.Release|Any CPU.Build.0 = Release|Any CPU
		{3DD9C636-73C3-44DE-B40E-EB35AE26B4AE}.Debug|Any CPU.ActiveCfg = Debug|Any CPU
		{3DD9C636-73C3-44DE-B40E-EB35AE26B4AE}.Debug|Any CPU.Build.0 = Debug|Any CPU
		{3DD9C636-73C3-44DE-B40E-EB35AE26B4AE}.Release|Any CPU.ActiveCfg = Release|Any CPU
		{3DD9C636-73C3-44DE-B40E-EB35AE26B4AE}.Release|Any CPU.Build.0 = Release|Any CPU
		{7F2F748F-5092-4102-9C2B-C17606EAC589}.Debug|Any CPU.ActiveCfg = Debug|Any CPU
		{7F2F748F-5092-4102-9C2B-C17606EAC589}.Debug|Any CPU.Build.0 = Debug|Any CPU
		{7F2F748F-5092-4102-9C2B-C17606EAC589}.Release|Any CPU.ActiveCfg = Release|Any CPU
		{7F2F748F-5092-4102-9C2B-C17606EAC589}.Release|Any CPU.Build.0 = Release|Any CPU
		{35F91F57-330B-421A-9B39-69C981FEAD6E}.Debug|Any CPU.ActiveCfg = Debug|Any CPU
		{35F91F57-330B-421A-9B39-69C981FEAD6E}.Debug|Any CPU.Build.0 = Debug|Any CPU
		{35F91F57-330B-421A-9B39-69C981FEAD6E}.Release|Any CPU.ActiveCfg = Release|Any CPU
		{35F91F57-330B-421A-9B39-69C981FEAD6E}.Release|Any CPU.Build.0 = Release|Any CPU
		{A58AF69C-4176-4D6C-BFEF-AF6980706E0E}.Debug|Any CPU.ActiveCfg = Debug|Any CPU
		{A58AF69C-4176-4D6C-BFEF-AF6980706E0E}.Debug|Any CPU.Build.0 = Debug|Any CPU
		{A58AF69C-4176-4D6C-BFEF-AF6980706E0E}.Release|Any CPU.ActiveCfg = Release|Any CPU
		{A58AF69C-4176-4D6C-BFEF-AF6980706E0E}.Release|Any CPU.Build.0 = Release|Any CPU
		{B044A819-ECE3-4491-9AC5-91DFAFA034E5}.Debug|Any CPU.ActiveCfg = Debug|Any CPU
		{B044A819-ECE3-4491-9AC5-91DFAFA034E5}.Debug|Any CPU.Build.0 = Debug|Any CPU
		{B044A819-ECE3-4491-9AC5-91DFAFA034E5}.Release|Any CPU.ActiveCfg = Release|Any CPU
		{B044A819-ECE3-4491-9AC5-91DFAFA034E5}.Release|Any CPU.Build.0 = Release|Any CPU
		{C9522990-97DF-416D-8551-A4B16360CC9E}.Debug|Any CPU.ActiveCfg = Debug|Any CPU
		{C9522990-97DF-416D-8551-A4B16360CC9E}.Debug|Any CPU.Build.0 = Debug|Any CPU
		{C9522990-97DF-416D-8551-A4B16360CC9E}.Release|Any CPU.ActiveCfg = Release|Any CPU
		{C9522990-97DF-416D-8551-A4B16360CC9E}.Release|Any CPU.Build.0 = Release|Any CPU
	EndGlobalSection
	GlobalSection(SolutionProperties) = preSolution
		HideSolutionNode = FALSE
	EndGlobalSection
	GlobalSection(NestedProjects) = preSolution
		{6B7663E4-F1E6-4CAB-B9DB-8355243914C4} = {D94250C6-BD80-46DD-9B42-1FCEBE80783F}
		{D99BB020-4233-4760-91CF-C9748DC17B05} = {D94250C6-BD80-46DD-9B42-1FCEBE80783F}
		{2B84EFC6-71C7-4DA3-AA66-40CAFD6E6786} = {4D9E1D3B-BA1E-4354-8B7E-3927C2B4CAE1}
		{D3EB1727-24AB-4359-81F4-FB9923346238} = {4D9E1D3B-BA1E-4354-8B7E-3927C2B4CAE1}
		{0B17BE7D-C9E4-417A-8722-37485006C0BE} = {4D9E1D3B-BA1E-4354-8B7E-3927C2B4CAE1}
		{876D0B68-69D4-43DA-AFC5-7E21A1F6CB9D} = {4D9E1D3B-BA1E-4354-8B7E-3927C2B4CAE1}
		{660470B9-269C-408D-B84B-734C1D39D784} = {167A4DEC-171B-44EB-B1FB-76AB5D2F4E58}
		{3DD9C636-73C3-44DE-B40E-EB35AE26B4AE} = {34B21574-911E-4911-B198-4CE955C27B15}
		{7F2F748F-5092-4102-9C2B-C17606EAC589} = {DF1FB71E-E31A-4AB6-9A36-D8EED8DF0C07}
		{35F91F57-330B-421A-9B39-69C981FEAD6E} = {25B1AFC8-33BE-4407-8606-1A944C03EEED}
		{A58AF69C-4176-4D6C-BFEF-AF6980706E0E} = {25B1AFC8-33BE-4407-8606-1A944C03EEED}
		{80BDC8B2-0BB6-406A-A832-EFA7C8279ED5} = {4D9E1D3B-BA1E-4354-8B7E-3927C2B4CAE1}
		{B044A819-ECE3-4491-9AC5-91DFAFA034E5} = {80BDC8B2-0BB6-406A-A832-EFA7C8279ED5}
		{C9522990-97DF-416D-8551-A4B16360CC9E} = {80BDC8B2-0BB6-406A-A832-EFA7C8279ED5}
	EndGlobalSection
	GlobalSection(ExtensibilityGlobals) = postSolution
		SolutionGuid = {0967FBC6-E344-4E25-8748-521AA5B4D0B3}
	EndGlobalSection
EndGlobal
